
Microsoft Visual Studio Solution File, Format Version 12.00
# Visual Studio Version 17
VisualStudioVersion = 17.0.31903.59
MinimumVisualStudioVersion = 10.0.40219.1
Project("{9A19103F-16F7-4668-BE54-9A1E7A4F7556}") = "AuthAPI", "AuthAPI\AuthAPI.csproj", "{F74CF2C5-C546-4FA0-B2E3-377179CC1AC2}"
EndProject
Project("{9A19103F-16F7-4668-BE54-9A1E7A4F7556}") = "Contracts", "Contracts\Contracts.csproj", "{1DEB4EB9-1C34-416C-88B8-99C65D36160E}"
EndProject
Project("{9A19103F-16F7-4668-BE54-9A1E7A4F7556}") = "FakeAPI", "FakeAPI\FakeAPI.csproj", "{9BE0FFDD-584F-46B9-B17B-049A0FBE5C3D}"
EndProject
Project("{9A19103F-16F7-4668-BE54-9A1E7A4F7556}") = "BlazorUI", "BlazorUI\BlazorUI.csproj", "{474D723A-CF17-4962-842C-3F72646434EF}"
EndProject
Global
	GlobalSection(SolutionConfigurationPlatforms) = preSolution
		Debug|Any CPU = Debug|Any CPU
		Release|Any CPU = Release|Any CPU
	EndGlobalSection
	GlobalSection(ProjectConfigurationPlatforms) = postSolution
		{F74CF2C5-C546-4FA0-B2E3-377179CC1AC2}.Debug|Any CPU.ActiveCfg = Debug|Any CPU
		{F74CF2C5-C546-4FA0-B2E3-377179CC1AC2}.Debug|Any CPU.Build.0 = Debug|Any CPU
		{F74CF2C5-C546-4FA0-B2E3-377179CC1AC2}.Release|Any CPU.ActiveCfg = Release|Any CPU
		{F74CF2C5-C546-4FA0-B2E3-377179CC1AC2}.Release|Any CPU.Build.0 = Release|Any CPU
		{1DEB4EB9-1C34-416C-88B8-99C65D36160E}.Debug|Any CPU.ActiveCfg = Debug|Any CPU
		{1DEB4EB9-1C34-416C-88B8-99C65D36160E}.Debug|Any CPU.Build.0 = Debug|Any CPU
		{1DEB4EB9-1C34-416C-88B8-99C65D36160E}.Release|Any CPU.ActiveCfg = Release|Any CPU
		{1DEB4EB9-1C34-416C-88B8-99C65D36160E}.Release|Any CPU.Build.0 = Release|Any CPU
		{9BE0FFDD-584F-46B9-B17B-049A0FBE5C3D}.Debug|Any CPU.ActiveCfg = Debug|Any CPU
		{9BE0FFDD-584F-46B9-B17B-049A0FBE5C3D}.Debug|Any CPU.Build.0 = Debug|Any CPU
		{9BE0FFDD-584F-46B9-B17B-049A0FBE5C3D}.Release|Any CPU.ActiveCfg = Release|Any CPU
		{9BE0FFDD-584F-46B9-B17B-049A0FBE5C3D}.Release|Any CPU.Build.0 = Release|Any CPU
		{474D723A-CF17-4962-842C-3F72646434EF}.Debug|Any CPU.ActiveCfg = Debug|Any CPU
		{474D723A-CF17-4962-842C-3F72646434EF}.Debug|Any CPU.Build.0 = Debug|Any CPU
		{474D723A-CF17-4962-842C-3F72646434EF}.Release|Any CPU.ActiveCfg = Release|Any CPU
		{474D723A-CF17-4962-842C-3F72646434EF}.Release|Any CPU.Build.0 = Release|Any CPU
	EndGlobalSection
	GlobalSection(SolutionProperties) = preSolution
		HideSolutionNode = FALSE
	EndGlobalSection
EndGlobal
